{
  "name": "onlykey-firmware-builds",
  "version": "1.0.0",
  "lockfileVersion": 3,
  "requires": true,
  "packages": {
    "": {
      "name": "onlykey-firmware-builds",
      "version": "1.0.0",
      "hasInstallScript": true,
      "dependencies": {
        "node-onlykey-lib": "github:bmatusiak/node-onlykey-lib#5104ee97bd74e57be5ecb4b704b16bdf67d5d1c9"
      },
      "engines": {
        "node": ">=18"
      }
    },
    "node_modules/@bmatusiak/rectify": {
      "version": "2.0.0",
      "resolved": "git+ssh://git@github.com/bmatusiak/rectify.git#a0d9f0e6e537053122273b1f763ac87ae461361c",
      "integrity": "sha512-R05G9p3VrJjfzkD1bDa1A+AKomOb70ahOmMlQYrqnGV1aLRvSXNXNPO0imjuKNACAJiws3ytf8rw2RwXrjiTKA==",
      "license": "ISC",
      "dependencies": {
        "events": "^3.3.0"
      }
    },
    "node_modules/events": {
      "version": "3.3.0",
      "resolved": "https://registry.npmjs.org/events/-/events-3.3.0.tgz",
      "integrity": "sha512-mQw+2fkQbALzQ7V0MY0IqdnXNOeTtP4r0lN9z7AAawCXgqea7bDii20AYrIBrFd/Hx0M2Ocz6S111CaFkUcb0Q==",
      "license": "MIT",
      "engines": {
        "node": ">=0.8.x"
      }
    },
    "node_modules/node-onlykey-lib": {
      "version": "0.3.0",
      "resolved": "git+ssh://git@github.com/bmatusiak/node-onlykey-lib.git#5104ee97bd74e57be5ecb4b704b16bdf67d5d1c9",
      "integrity": "sha512-RAzTe8QiPFJyDDjULyz7tyhEVcfgK1/QZULNJFsfEte/WJbRLRsP60dhGhE8Y9DcJsqPQE31ZUZmqjY5JlMAjA==",
      "license": "Apache-2.0",
      "dependencies": {
        "@bmatusiak/rectify": "github:bmatusiak/rectify#a0d9f0e6e537053122273b1f763ac87ae461361c"
      },
      "bin": {
        "onlykey-js": "cli/index.js"
      },
      "peerDependencies": {
        "@stoprocent/noble": "2.8.0",
        "dbus-next": "^0.10.2",
        "node-hid": "^3.4.0"
      },
      "peerDependenciesMeta": {
        "@stoprocent/noble": {
          "optional": true
        },
        "dbus-next": {
          "optional": true
        },
        "node-hid": {
          "optional": true
        }
      }
    }
  }
}
